
Microsoft Visual Studio Solution File, Format Version 12.00
# Visual Studio Version 17
VisualStudioVersion = 17.5.33424.131
MinimumVisualStudioVersion = 10.0.40219.1
Project("{FAE04EC0-301F-11D3-BF4B-00C04F79EFBC}") = "gena4", "gena4\gena4.csproj", "{382BAAF2-1E63-4332-8B12-819554DF0173}"
EndProject
Global
	GlobalSection(SolutionConfigurationPlatforms) = preSolution
		Debug|Any CPU = Debug|Any CPU
		Release|Any CPU = Release|Any CPU
	EndGlobalSection
	GlobalSection(ProjectConfigurationPlatforms) = postSolution
		{382BAAF2-1E63-4332-8B12-819554DF0173}.Debug|Any CPU.ActiveCfg = Debug|Any CPU
		{382BAAF2-1E63-4332-8B12-819554DF0173}.Debug|Any CPU.Build.0 = Debug|Any CPU
		{382BAAF2-1E63-4332-8B12-819554DF0173}.Release|Any CPU.ActiveCfg = Release|Any CPU
		{382BAAF2-1E63-4332-8B12-819554DF0173}.Release|Any CPU.Build.0 = Release|Any CPU
	EndGlobalSection
	GlobalSection(SolutionProperties) = preSolution
		HideSolutionNode = FALSE
	EndGlobalSection
	GlobalSection(ExtensibilityGlobals) = postSolution
		SolutionGuid = {382BF954-BDE8-495C-90D3-D65E62C35497}
	EndGlobalSection
EndGlobal
